
Microsoft Visual Studio Solution File, Format Version 12.00
# Visual Studio Version 17
VisualStudioVersion = 17.10.34916.146
MinimumVisualStudioVersion = 10.0.40219.1
Project("{8BC9CEB8-8B4A-11D0-8D11-00A0C91BC942}") = "lion", "lion\lion.vcxproj", "{2371BB3D-AFFB-4DB9-B055-0C4CC2FF8A15}"
EndProject
Project("{FAE04EC0-301F-11D3-BF4B-00C04F79EFBC}") = "lionEditor", "lionEditor\lionEditor.csproj", "{D1A456B6-05F4-4431-A089-B51D15B25914}"
EndProject
Global
	GlobalSection(SolutionConfigurationPlatforms) = preSolution
		Debug|x64 = Debug|x64
		Release|x64 = Release|x64
	EndGlobalSection
	GlobalSection(ProjectConfigurationPlatforms) = postSolution
		{2371BB3D-AFFB-4DB9-B055-0C4CC2FF8A15}.Debug|x64.ActiveCfg = Debug|x64
		{2371BB3D-AFFB-4DB9-B055-0C4CC2FF8A15}.Debug|x64.Build.0 = Debug|x64
		{2371BB3D-AFFB-4DB9-B055-0C4CC2FF8A15}.Release|x64.ActiveCfg = Release|x64
		{2371BB3D-AFFB-4DB9-B055-0C4CC2FF8A15}.Release|x64.Build.0 = Release|x64
		{D1A456B6-05F4-4431-A089-B51D15B25914}.Debug|x64.ActiveCfg = Debug|Any CPU
		{D1A456B6-05F4-4431-A089-B51D15B25914}.Debug|x64.Build.0 = Debug|Any CPU
		{D1A456B6-05F4-4431-A089-B51D15B25914}.Release|x64.ActiveCfg = Release|Any CPU
		{D1A456B6-05F4-4431-A089-B51D15B25914}.Release|x64.Build.0 = Release|Any CPU
	EndGlobalSection
	GlobalSection(SolutionProperties) = preSolution
		HideSolutionNode = FALSE
	EndGlobalSection
	GlobalSection(ExtensibilityGlobals) = postSolution
		SolutionGuid = {30775D65-A0F7-4652-903F-D19C313005E1}
	EndGlobalSection
EndGlobal
